
Microsoft Visual Studio Solution File, Format Version 12.00
# Visual Studio 15
VisualStudioVersion = 15.0.27428.2037
MinimumVisualStudioVersion = 10.0.40219.1
Project("{FAE04EC0-301F-11D3-BF4B-00C04F79EFBC}") = "FEHotKeyWPF", "FEHotKeyWPF\FEHotKeyWPF.csproj", "{CA170A58-5E30-4C90-A775-154A08C5A586}"
EndProject
Global
	GlobalSection(SolutionConfigurationPlatforms) = preSolution
		Debug|Any CPU = Debug|Any CPU
		Release|Any CPU = Release|Any CPU
	EndGlobalSection
	GlobalSection(ProjectConfigurationPlatforms) = postSolution
		{CA170A58-5E30-4C90-A775-154A08C5A586}.Debug|Any CPU.ActiveCfg = Debug|Any CPU
		{CA170A58-5E30-4C90-A775-154A08C5A586}.Debug|Any CPU.Build.0 = Debug|Any CPU
		{CA170A58-5E30-4C90-A775-154A08C5A586}.Release|Any CPU.ActiveCfg = Release|Any CPU
		{CA170A58-5E30-4C90-A775-154A08C5A586}.Release|Any CPU.Build.0 = Release|Any CPU
	EndGlobalSection
	GlobalSection(SolutionProperties) = preSolution
		HideSolutionNode = FALSE
	EndGlobalSection
	GlobalSection(ExtensibilityGlobals) = postSolution
		SolutionGuid = {F2E47B52-9B59-4893-BA7A-099AACF1F90D}
	EndGlobalSection
EndGlobal
